// !$*UTF8*$!
{
	archiveVersion = 1;
	classes = {
	};
	objectVersion = 56;
	objects = {

/* Begin PBXBuildFile section */
		FF6044F02BC7B57B00238E9C /* AppDelegate.swift in Sources */ = {isa = PBXBuildFile; fileRef = FF6044EF2BC7B57B00238E9C /* AppDelegate.swift */; };
		FF6044F42BC7B57B00238E9C /* ViewController.swift in Sources */ = {isa = PBXBuildFile; fileRef = FF6044F32BC7B57B00238E9C /* ViewController.swift */; };
		FF6044F72BC7B57B00238E9C /* Base in Resources */ = {isa = PBXBuildFile; fileRef = FF6044F62BC7B57B00238E9C /* Base */; };
		FF6044F92BC7B57C00238E9C /* Assets.xcassets in Resources */ = {isa = PBXBuildFile; fileRef = FF6044F82BC7B57C00238E9C /* Assets.xcassets */; };
		FF6044FC2BC7B57C00238E9C /* Base in Resources */ = {isa = PBXBuildFile; fileRef = FF6044FB2BC7B57C00238E9C /* Base */; };
		FF6045072BC7B60300238E9C /* PrasharBhartiSignInVC.swift in Sources */ = {isa = PBXBuildFile; fileRef = FF6045062BC7B60300238E9C /* PrasharBhartiSignInVC.swift */; };
		FF6045092BC7B62000238E9C /* PrasharBhartiSignInView.storyboard in Resources */ = {isa = PBXBuildFile; fileRef = FF6045082BC7B62000238E9C /* PrasharBhartiSignInView.storyboard */; };
/* End PBXBuildFile section */

/* Begin PBXFileReference section */
		FF6044EC2BC7B57B00238E9C /* SilverTouch.app */ = {isa = PBXFileReference; explicitFileType = wrapper.application; includeInIndex = 0; path = SilverTouch.app; sourceTree = BUILT_PRODUCTS_DIR; };
		FF6044EF2BC7B57B00238E9C /* AppDelegate.swift */ = {isa = PBXFileReference; lastKnownFileType = sourcecode.swift; path = AppDelegate.swift; sourceTree = "<group>"; };
		FF6044F32BC7B57B00238E9C /* ViewController.swift */ = {isa = PBXFileReference; lastKnownFileType = sourcecode.swift; path = ViewController.swift; sourceTree = "<group>"; };
		FF6044F62BC7B57B00238E9C /* Base */ = {isa = PBXFileReference; lastKnownFileType = file.storyboard; name = Base; path = Base.lproj/Main.storyboard; sourceTree = "<group>"; };
		FF6044F82BC7B57C00238E9C /* Assets.xcassets */ = {isa = PBXFileReference; lastKnownFileType = folder.assetcatalog; path = Assets.xcassets; sourceTree = "<group>"; };
		FF6044FB2BC7B57C00238E9C /* Base */ = {isa = PBXFileReference; lastKnownFileType = file.storyboard; name = Base; path = Base.lproj/LaunchScreen.storyboard; sourceTree = "<group>"; };
		FF6044FD2BC7B57C00238E9C /* Info.plist */ = {isa = PBXFileReference; lastKnownFileType = text.plist.xml; path = Info.plist; sourceTree = "<group>"; };
		FF6045062BC7B60300238E9C /* PrasharBhartiSignInVC.swift */ = {isa = PBXFileReference; lastKnownFileType = sourcecode.swift; path = PrasharBhartiSignInVC.swift; sourceTree = "<group>"; };
		FF6045082BC7B62000238E9C /* PrasharBhartiSignInView.storyboard */ = {isa = PBXFileReference; lastKnownFileType = file.storyboard; path = PrasharBhartiSignInView.storyboard; sourceTree = "<group>"; };
/* End PBXFileReference section */

/* Begin PBXFrameworksBuildPhase section */
		FF6044E92BC7B57B00238E9C /* Frameworks */ = {
			isa = PBXFrameworksBuildPhase;
			buildActionMask = 2147483647;
			files = (
			);
			runOnlyForDeploymentPostprocessing = 0;
		};
/* End PBXFrameworksBuildPhase section */

/* Begin PBXGroup section */
		FF6044E32BC7B57B00238E9C = {
			isa = PBXGroup;
			children = (
				FF6044EE2BC7B57B00238E9C /* SilverTouch */,
				FF6044ED2BC7B57B00238E9C /* Products */,
			);
			sourceTree = "<group>";
		};
		FF6044ED2BC7B57B00238E9C /* Products */ = {
			isa = PBXGroup;
			children = (
				FF6044EC2BC7B57B00238E9C /* SilverTouch.app */,
			);
			name = Products;
			sourceTree = "<group>";
		};
		FF6044EE2BC7B57B00238E9C /* SilverTouch */ = {
			isa = PBXGroup;
			children = (
				FF6045032BC7B58800238E9C /* PrasharBhartiSignIn */,
				FF6044EF2BC7B57B00238E9C /* AppDelegate.swift */,
				FF6044F32BC7B57B00238E9C /* ViewController.swift */,
				FF6044F52BC7B57B00238E9C /* Main.storyboard */,
				FF6044F82BC7B57C00238E9C /* Assets.xcassets */,
				FF6044FA2BC7B57C00238E9C /* LaunchScreen.storyboard */,
				FF6044FD2BC7B57C00238E9C /* Info.plist */,
			);
			path = SilverTouch;
			sourceTree = "<group>";
		};
		FF6045032BC7B58800238E9C /* PrasharBhartiSignIn */ = {
			isa = PBXGroup;
			children = (
				FF6045052BC7B5C200238E9C /* Views */,
				FF6045042BC7B5BB00238E9C /* Controllers */,
			);
			path = PrasharBhartiSignIn;
			sourceTree = "<group>";
		};
		FF6045042BC7B5BB00238E9C /* Controllers */ = {
			isa = PBXGroup;
			children = (
				FF6045062BC7B60300238E9C /* PrasharBhartiSignInVC.swift */,
			);
			path = Controllers;
			sourceTree = "<group>";
		};
		FF6045052BC7B5C200238E9C /* Views */ = {
			isa = PBXGroup;
			children = (
				FF6045082BC7B62000238E9C /* PrasharBhartiSignInView.storyboard */,
			);
			path = Views;
			sourceTree = "<group>";
		};
/* End PBXGroup section */

/* Begin PBXNativeTarget section */
		FF6044EB2BC7B57B00238E9C /* SilverTouch */ = {
			isa = PBXNativeTarget;
			buildConfigurationList = FF6045002BC7B57C00238E9C /* Build configuration list for PBXNativeTarget "SilverTouch" */;
			buildPhases = (
				FF6044E82BC7B57B00238E9C /* Sources */,
				FF6044E92BC7B57B00238E9C /* Frameworks */,
				FF6044EA2BC7B57B00238E9C /* Resources */,
			);
			buildRules = (
			);
			dependencies = (
			);
			name = SilverTouch;
			productName = SilverTouch;
			productReference = FF6044EC2BC7B57B00238E9C /* SilverTouch.app */;
			productType = "com.apple.product-type.application";
		};
/* End PBXNativeTarget section */

/* Begin PBXProject section */
		FF6044E42BC7B57B00238E9C /* Project object */ = {
			isa = PBXProject;
			attributes = {
				BuildIndependentTargetsInParallel = 1;
				LastSwiftUpdateCheck = 1530;
				LastUpgradeCheck = 1530;
				TargetAttributes = {
					FF6044EB2BC7B57B00238E9C = {
						CreatedOnToolsVersion = 15.3;
					};
				};
			};
			buildConfigurationList = FF6044E72BC7B57B00238E9C /* Build configuration list for PBXProject "SilverTouch" */;
			compatibilityVersion = "Xcode 14.0";
			developmentRegion = en;
			hasScannedForEncodings = 0;
			knownRegions = (
				en,
				Base,
			);
			mainGroup = FF6044E32BC7B57B00238E9C;
			productRefGroup = FF6044ED2BC7B57B00238E9C /* Products */;
			projectDirPath = "";
			projectRoot = "";
			targets = (
				FF6044EB2BC7B57B00238E9C /* SilverTouch */,
			);
		};
/* End PBXProject section */

/* Begin PBXResourcesBuildPhase section */
		FF6044EA2BC7B57B00238E9C /* Resources */ = {
			isa = PBXResourcesBuildPhase;
			buildActionMask = 2147483647;
			files = (
				FF6044F92BC7B57C00238E9C /* Assets.xcassets in Resources */,
				FF6044FC2BC7B57C00238E9C /* Base in Resources */,
				FF6044F72BC7B57B00238E9C /* Base in Resources */,
				FF6045092BC7B62000238E9C /* PrasharBhartiSignInView.storyboard in Resources */,
			);
			runOnlyForDeploymentPostprocessing = 0;
		};
/* End PBXResourcesBuildPhase section */

/* Begin PBXSourcesBuildPhase section */
		FF6044E82BC7B57B00238E9C /* Sources */ = {
			isa = PBXSourcesBuildPhase;
			buildActionMask = 2147483647;
			files = (
				FF6044F42BC7B57B00238E9C /* ViewController.swift in Sources */,
				FF6044F02BC7B57B00238E9C /* AppDelegate.swift in Sources */,
				FF6045072BC7B60300238E9C /* PrasharBhartiSignInVC.swift in Sources */,
			);
			runOnlyForDeploymentPostprocessing = 0;
		};
/* End PBXSourcesBuildPhase section */

/* Begin PBXVariantGroup section */
		FF6044F52BC7B57B00238E9C /* Main.storyboard */ = {
			isa = PBXVariantGroup;
			children = (
				FF6044F62BC7B57B00238E9C /* Base */,
			);
			name = Main.storyboard;
			sourceTree = "<group>";
		};
		FF6044FA2BC7B57C00238E9C /* LaunchScreen.storyboard */ = {
			isa = PBXVariantGroup;
			children = (
				FF6044FB2BC7B57C00238E9C /* Base */,
			);
			name = LaunchScreen.storyboard;
			sourceTree = "<group>";
		};
/* End PBXVariantGroup section */

/* Begin XCBuildConfiguration section */
		FF6044FE2BC7B57C00238E9C /* Debug */ = {
			isa = XCBuildConfiguration;
			buildSettings = {
				ALWAYS_SEARCH_USER_PATHS = NO;
				ASSETCATALOG_COMPILER_GENERATE_SWIFT_ASSET_SYMBOL_EXTENSIONS = YES;
				CLANG_ANALYZER_NONNULL = YES;
				CLANG_ANALYZER_NUMBER_OBJECT_CONVERSION = YES_AGGRESSIVE;
				CLANG_CXX_LANGUAGE_STANDARD = "gnu++20";
				CLANG_ENABLE_MODULES = YES;
				CLANG_ENABLE_OBJC_ARC = YES;
				CLANG_ENABLE_OBJC_WEAK = YES;
				CLANG_WARN_BLOCK_CAPTURE_AUTORELEASING = YES;
				CLANG_WARN_BOOL_CONVERSION = YES;
				CLANG_WARN_COMMA = YES;
				CLANG_WARN_CONSTANT_CONVERSION = YES;
				CLANG_WARN_DEPRECATED_OBJC_IMPLEMENTATIONS = YES;
				CLANG_WARN_DIRECT_OBJC_ISA_USAGE = YES_ERROR;
				CLANG_WARN_DOCUMENTATION_COMMENTS = YES;
				CLANG_WARN_EMPTY_BODY = YES;
				CLANG_WARN_ENUM_CONVERSION = YES;
				CLANG_WARN_INFINITE_RECURSION = YES;
				CLANG_WARN_INT_CONVERSION = YES;
				CLANG_WARN_NON_LITERAL_NULL_CONVERSION = YES;
				CLANG_WARN_OBJC_IMPLICIT_RETAIN_SELF = YES;
				CLANG_WARN_OBJC_LITERAL_CONVERSION = YES;
				CLANG_WARN_OBJC_ROOT_CLASS = YES_ERROR;
				CLANG_WARN_QUOTED_INCLUDE_IN_FRAMEWORK_HEADER = YES;
				CLANG_WARN_RANGE_LOOP_ANALYSIS = YES;
				CLANG_WARN_STRICT_PROTOTYPES = YES;
				CLANG_WARN_SUSPICIOUS_MOVE = YES;
				CLANG_WARN_UNGUARDED_AVAILABILITY = YES_AGGRESSIVE;
				CLANG_WARN_UNREACHABLE_CODE = YES;
				CLANG_WARN__DUPLICATE_METHOD_MATCH = YES;
				COPY_PHASE_STRIP = NO;
				DEBUG_INFORMATION_FORMAT = dwarf;
				ENABLE_STRICT_OBJC_MSGSEND = YES;
				ENABLE_TESTABILITY = YES;
				ENABLE_USER_SCRIPT_SANDBOXING = YES;
				GCC_C_LANGUAGE_STANDARD = gnu17;
				GCC_DYNAMIC_NO_PIC = NO;
				GCC_NO_COMMON_BLOCKS = YES;
				GCC_OPTIMIZATION_LEVEL = 0;
				GCC_PREPROCESSOR_DEFINITIONS = (
					"DEBUG=1",
					"$(inherited)",
				);
				GCC_WARN_64_TO_32_BIT_CONVERSION = YES;
				GCC_WARN_ABOUT_RETURN_TYPE = YES_ERROR;
				GCC_WARN_UNDECLARED_SELECTOR = YES;
				GCC_WARN_UNINITIALIZED_AUTOS = YES_AGGRESSIVE;
				GCC_WARN_UNUSED_FUNCTION = YES;
				GCC_WARN_UNUSED_VARIABLE = YES;
				IPHONEOS_DEPLOYMENT_TARGET = 17.4;
				LOCALIZATION_PREFERS_STRING_CATALOGS = YES;
				MTL_ENABLE_DEBUG_INFO = INCLUDE_SOURCE;
				MTL_FAST_MATH = YES;
				ONLY_ACTIVE_ARCH = YES;
				SDKROOT = iphoneos;
				SWIFT_ACTIVE_COMPILATION_CONDITIONS = "DEBUG $(inherited)";
				SWIFT_OPTIMIZATION_LEVEL = "-Onone";
			};
			name = Debug;
		};
		FF6044FF2BC7B57C00238E9C /* Release */ = {
			isa = XCBuildConfiguration;
			buildSettings = {
				ALWAYS_SEARCH_USER_PATHS = NO;
				ASSETCATALOG_COMPILER_GENERATE_SWIFT_ASSET_SYMBOL_EXTENSIONS = YES;
				CLANG_ANALYZER_NONNULL = YES;
				CLANG_ANALYZER_NUMBER_OBJECT_CONVERSION = YES_AGGRESSIVE;
				CLANG_CXX_LANGUAGE_STANDARD = "gnu++20";
				CLANG_ENABLE_MODULES = YES;
				CLANG_ENABLE_OBJC_ARC = YES;
				CLANG_ENABLE_OBJC_WEAK = YES;
				CLANG_WARN_BLOCK_CAPTURE_AUTORELEASING = YES;
				CLANG_WARN_BOOL_CONVERSION = YES;
				CLANG_WARN_COMMA = YES;
				CLANG_WARN_CONSTANT_CONVERSION = YES;
				CLANG_WARN_DEPRECATED_OBJC_IMPLEMENTATIONS = YES;
				CLANG_WARN_DIRECT_OBJC_ISA_USAGE = YES_ERROR;
				CLANG_WARN_DOCUMENTATION_COMMENTS = YES;
				CLANG_WARN_EMPTY_BODY = YES;
				CLANG_WARN_ENUM_CONVERSION = YES;
				CLANG_WARN_INFINITE_RECURSION = YES;
				CLANG_WARN_INT_CONVERSION = YES;
				CLANG_WARN_NON_LITERAL_NULL_CONVERSION = YES;
				CLANG_WARN_OBJC_IMPLICIT_RETAIN_SELF = YES;
				CLANG_WARN_OBJC_LITERAL_CONVERSION = YES;
				CLANG_WARN_OBJC_ROOT_CLASS = YES_ERROR;
				CLANG_WARN_QUOTED_INCLUDE_IN_FRAMEWORK_HEADER = YES;
				CLANG_WARN_RANGE_LOOP_ANALYSIS = YES;
				CLANG_WARN_STRICT_PROTOTYPES = YES;
				CLANG_WARN_SUSPICIOUS_MOVE = YES;
				CLANG_WARN_UNGUARDED_AVAILABILITY = YES_AGGRESSIVE;
				CLANG_WARN_UNREACHABLE_CODE = YES;
				CLANG_WARN__DUPLICATE_METHOD_MATCH = YES;
				COPY_PHASE_STRIP = NO;
				DEBUG_INFORMATION_FORMAT = "dwarf-with-dsym";
				ENABLE_NS_ASSERTIONS = NO;
				ENABLE_STRICT_OBJC_MSGSEND = YES;
				ENABLE_USER_SCRIPT_SANDBOXING = YES;
				GCC_C_LANGUAGE_STANDARD = gnu17;
				GCC_NO_COMMON_BLOCKS = YES;
				GCC_WARN_64_TO_32_BIT_CONVERSION = YES;
				GCC_WARN_ABOUT_RETURN_TYPE = YES_ERROR;
				GCC_WARN_UNDECLARED_SELECTOR = YES;
				GCC_WARN_UNINITIALIZED_AUTOS = YES_AGGRESSIVE;
				GCC_WARN_UNUSED_FUNCTION = YES;
				GCC_WARN_UNUSED_VARIABLE = YES;
				IPHONEOS_DEPLOYMENT_TARGET = 17.4;
				LOCALIZATION_PREFERS_STRING_CATALOGS = YES;
				MTL_ENABLE_DEBUG_INFO = NO;
				MTL_FAST_MATH = YES;
				SDKROOT = iphoneos;
				SWIFT_COMPILATION_MODE = wholemodule;
				VALIDATE_PRODUCT = YES;
			};
			name = Release;
		};
		FF6045012BC7B57C00238E9C /* Debug */ = {
			isa = XCBuildConfiguration;
			buildSettings = {
				ASSETCATALOG_COMPILER_APPICON_NAME = AppIcon;
				ASSETCATALOG_COMPILER_GLOBAL_ACCENT_COLOR_NAME = AccentColor;
				CODE_SIGN_STYLE = Automatic;
				CURRENT_PROJECT_VERSION = 1;
				DEVELOPMENT_TEAM = 82JCQB69WY;
				GENERATE_INFOPLIST_FILE = YES;
				INFOPLIST_FILE = SilverTouch/Info.plist;
				INFOPLIST_KEY_UIApplicationSupportsIndirectInputEvents = YES;
				INFOPLIST_KEY_UILaunchStoryboardName = LaunchScreen;
				INFOPLIST_KEY_UIMainStoryboardFile = PrasharBhartiSignInView;
				INFOPLIST_KEY_UISupportedInterfaceOrientations_iPad = "UIInterfaceOrientationPortrait UIInterfaceOrientationPortraitUpsideDown UIInterfaceOrientationLandscapeLeft UIInterfaceOrientationLandscapeRight";
				INFOPLIST_KEY_UISupportedInterfaceOrientations_iPhone = "UIInterfaceOrientationPortrait UIInterfaceOrientationLandscapeLeft UIInterfaceOrientationLandscapeRight";
				LD_RUNPATH_SEARCH_PATHS = (
					"$(inherited)",
					"@executable_path/Frameworks",
				);
				MARKETING_VERSION = 1.0;
				PRODUCT_BUNDLE_IDENTIFIER = divyesh.SilverTouch;
				PRODUCT_NAME = "$(TARGET_NAME)";
				SUPPORTED_PLATFORMS = "iphoneos iphonesimulator";
				SUPPORTS_MACCATALYST = NO;
				SUPPORTS_MAC_DESIGNED_FOR_IPHONE_IPAD = NO;
				SUPPORTS_XR_DESIGNED_FOR_IPHONE_IPAD = NO;
				SWIFT_EMIT_LOC_STRINGS = YES;
				SWIFT_VERSION = 5.0;
				TARGETED_DEVICE_FAMILY = "1,2";
			};
			name = Debug;
		};
		FF6045022BC7B57C00238E9C /* Release */ = {
			isa = XCBuildConfiguration;
			buildSettings = {
				ASSETCATALOG_COMPILER_APPICON_NAME = AppIcon;
				ASSETCATALOG_COMPILER_GLOBAL_ACCENT_COLOR_NAME = AccentColor;
				CODE_SIGN_STYLE = Automatic;
				CURRENT_PROJECT_VERSION = 1;
				DEVELOPMENT_TEAM = 82JCQB69WY;
				GENERATE_INFOPLIST_FILE = YES;
				INFOPLIST_FILE = SilverTouch/Info.plist;
				INFOPLIST_KEY_UIApplicationSupportsIndirectInputEvents = YES;
				INFOPLIST_KEY_UILaunchStoryboardName = LaunchScreen;
				INFOPLIST_KEY_UIMainStoryboardFile = PrasharBhartiSignInView;
				INFOPLIST_KEY_UISupportedInterfaceOrientations_iPad = "UIInterfaceOrientationPortrait UIInterfaceOrientationPortraitUpsideDown UIInterfaceOrientationLandscapeLeft UIInterfaceOrientationLandscapeRight";
				INFOPLIST_KEY_UISupportedInterfaceOrientations_iPhone = "UIInterfaceOrientationPortrait UIInterfaceOrientationLandscapeLeft UIInterfaceOrientationLandscapeRight";
				LD_RUNPATH_SEARCH_PATHS = (
					"$(inherited)",
					"@executable_path/Frameworks",
				);
				MARKETING_VERSION = 1.0;
				PRODUCT_BUNDLE_IDENTIFIER = divyesh.SilverTouch;
				PRODUCT_NAME = "$(TARGET_NAME)";
				SUPPORTED_PLATFORMS = "iphoneos iphonesimulator";
				SUPPORTS_MACCATALYST = NO;
				SUPPORTS_MAC_DESIGNED_FOR_IPHONE_IPAD = NO;
				SUPPORTS_XR_DESIGNED_FOR_IPHONE_IPAD = NO;
				SWIFT_EMIT_LOC_STRINGS = YES;
				SWIFT_VERSION = 5.0;
				TARGETED_DEVICE_FAMILY = "1,2";
			};
			name = Release;
		};
/* End XCBuildConfiguration section */

/* Begin XCConfigurationList section */
		FF6044E72BC7B57B00238E9C /* Build configuration list for PBXProject "SilverTouch" */ = {
			isa = XCConfigurationList;
			buildConfigurations = (
				FF6044FE2BC7B57C00238E9C /* Debug */,
				FF6044FF2BC7B57C00238E9C /* Release */,
			);
			defaultConfigurationIsVisible = 0;
			defaultConfigurationName = Release;
		};
		FF6045002BC7B57C00238E9C /* Build configuration list for PBXNativeTarget "SilverTouch" */ = {
			isa = XCConfigurationList;
			buildConfigurations = (
				FF6045012BC7B57C00238E9C /* Debug */,
				FF6045022BC7B57C00238E9C /* Release */,
			);
			defaultConfigurationIsVisible = 0;
			defaultConfigurationName = Release;
		};
/* End XCConfigurationList section */
	};
	rootObject = FF6044E42BC7B57B00238E9C /* Project object */;
}
